// !$*UTF8*$!
{
	archiveVersion = 1;
	classes = {
	};
	objectVersion = 51;
	objects = {

/* Begin PBXBuildFile section */
		797591DF089F6C8918D9F16D /* Pods_YourGoal.framework in Frameworks */ = {isa = PBXBuildFile; fileRef = AACFDA306CD4D87009DF1D52 /* Pods_YourGoal.framework */; };
		DA0502872526166E000C4DC0 /* Date+Extensions.swift in Sources */ = {isa = PBXBuildFile; fileRef = DA0502862526166E000C4DC0 /* Date+Extensions.swift */; };
		DA05028C25264263000C4DC0 /* Color+Extensions.swift in Sources */ = {isa = PBXBuildFile; fileRef = DA05028B25264263000C4DC0 /* Color+Extensions.swift */; };
		DA06DF7025C8B35E00BACD0C /* NewGoalHabitsView.swift in Sources */ = {isa = PBXBuildFile; fileRef = DA06DF6F25C8B35E00BACD0C /* NewGoalHabitsView.swift */; };
		DA06DF7825C8B49500BACD0C /* HabitTypeRow.swift in Sources */ = {isa = PBXBuildFile; fileRef = DA06DF7725C8B49500BACD0C /* HabitTypeRow.swift */; };
		DA084EDF25753DCE00CAC158 /* FamousQuote.swift in Sources */ = {isa = PBXBuildFile; fileRef = DA084EDE25753DCE00CAC158 /* FamousQuote.swift */; };
		DA084EE7257549BA00CAC158 /* ActiveSheet.swift in Sources */ = {isa = PBXBuildFile; fileRef = DA084EE6257549BA00CAC158 /* ActiveSheet.swift */; };
		DA084EFB2575547500CAC158 /* LaunchScreen.storyboard in Resources */ = {isa = PBXBuildFile; fileRef = DA084EFA2575547500CAC158 /* LaunchScreen.storyboard */; };
		DA0861B02531F66300C4A3DD /* UIApplication+Extensions.swift in Sources */ = {isa = PBXBuildFile; fileRef = DA0861AF2531F66300C4A3DD /* UIApplication+Extensions.swift */; };
		DA0861B52531F6EC00C4A3DD /* BackgroundView.swift in Sources */ = {isa = PBXBuildFile; fileRef = DA0861B42531F6EC00C4A3DD /* BackgroundView.swift */; };
		DA0861D125323DEB00C4A3DD /* Localizable.strings in Resources */ = {isa = PBXBuildFile; fileRef = DA0861D325323DEB00C4A3DD /* Localizable.strings */; };
		DA0861DA25323E5200C4A3DD /* String+Extensions.swift in Sources */ = {isa = PBXBuildFile; fileRef = DA0861D925323E5200C4A3DD /* String+Extensions.swift */; };
		DA125FC925C1B8F900DA577E /* HomeView.swift in Sources */ = {isa = PBXBuildFile; fileRef = DA125FC825C1B8F900DA577E /* HomeView.swift */; };
		DA125FD125C1CAE800DA577E /* ProfileView.swift in Sources */ = {isa = PBXBuildFile; fileRef = DA125FD025C1CAE800DA577E /* ProfileView.swift */; };
		DA125FD625C1CAF200DA577E /* StatisticsView.swift in Sources */ = {isa = PBXBuildFile; fileRef = DA125FD525C1CAF200DA577E /* StatisticsView.swift */; };
		DA1707A22528889A0082FC82 /* TrackHoursSpentView.swift in Sources */ = {isa = PBXBuildFile; fileRef = DA1707A12528889A0082FC82 /* TrackHoursSpentView.swift */; };
		DA1DD67825B72E1700981105 /* GoogleService-Info.plist in Resources */ = {isa = PBXBuildFile; fileRef = DA1DD67725B72E1700981105 /* GoogleService-Info.plist */; };
		DA1DD67D25B73C9500981105 /* AppFonts.swift in Sources */ = {isa = PBXBuildFile; fileRef = DA1DD67C25B73C9500981105 /* AppFonts.swift */; };
		DA1DD69825B746BF00981105 /* Caveat.ttf in Resources */ = {isa = PBXBuildFile; fileRef = DA1DD69425B746BF00981105 /* Caveat.ttf */; };
		DA1DD69925B746BF00981105 /* IndieFlower.ttf in Resources */ = {isa = PBXBuildFile; fileRef = DA1DD69525B746BF00981105 /* IndieFlower.ttf */; };
		DA32B6CB25B7530600CAA773 /* Rubik-Italic.ttf in Resources */ = {isa = PBXBuildFile; fileRef = DA32B6C925B7530600CAA773 /* Rubik-Italic.ttf */; };
		DA32B6CC25B7530600CAA773 /* Rubik.ttf in Resources */ = {isa = PBXBuildFile; fileRef = DA32B6CA25B7530600CAA773 /* Rubik.ttf */; };
		DA32B6D525B7558700CAA773 /* Vollkorn-Italic.ttf in Resources */ = {isa = PBXBuildFile; fileRef = DA32B6D325B7558700CAA773 /* Vollkorn-Italic.ttf */; };
		DA32B6D625B7558700CAA773 /* Vollkorn.ttf in Resources */ = {isa = PBXBuildFile; fileRef = DA32B6D425B7558700CAA773 /* Vollkorn.ttf */; };
		DA352845254ADD6500FF19FB /* AppDelegate.swift in Sources */ = {isa = PBXBuildFile; fileRef = DA352844254ADD6500FF19FB /* AppDelegate.swift */; };
		DA3A340C25275E3400597C73 /* DayCellView.swift in Sources */ = {isa = PBXBuildFile; fileRef = DA3A340B25275E3400597C73 /* DayCellView.swift */; };
		DA3A3414252761A600597C73 /* MainGoalView.swift in Sources */ = {isa = PBXBuildFile; fileRef = DA3A3413252761A600597C73 /* MainGoalView.swift */; };
		DA47599B25470DE800A1ADA6 /* DeviceFix.swift in Sources */ = {isa = PBXBuildFile; fileRef = DA47599A25470DE800A1ADA6 /* DeviceFix.swift */; };
		DA50012625BB129700853B50 /* IconSelectorView.swift in Sources */ = {isa = PBXBuildFile; fileRef = DA50012525BB129700853B50 /* IconSelectorView.swift */; };
		DA55C8EF2528977200CA5297 /* TrackManualTimeView.swift in Sources */ = {isa = PBXBuildFile; fileRef = DA55C8EE2528977200CA5297 /* TrackManualTimeView.swift */; };
		DA582A59252518CA00A37693 /* NewGoalQuestionsView.swift in Sources */ = {isa = PBXBuildFile; fileRef = DA582A58252518CA00A37693 /* NewGoalQuestionsView.swift */; };
		DA59593225C5A3F90074CE85 /* Profile+CoreDataClass.swift in Sources */ = {isa = PBXBuildFile; fileRef = DA59593125C5A3F90074CE85 /* Profile+CoreDataClass.swift */; };
		DA59593725C5A9A60074CE85 /* ProfileImageSelectorView.swift in Sources */ = {isa = PBXBuildFile; fileRef = DA59593625C5A9A60074CE85 /* ProfileImageSelectorView.swift */; };
		DA6566BB2525E61A00923688 /* Goal+CoreDataClass.swift in Sources */ = {isa = PBXBuildFile; fileRef = DA6566B92525E61A00923688 /* Goal+CoreDataClass.swift */; };
		DA6DD3D5257A445400AACE45 /* JournalView.swift in Sources */ = {isa = PBXBuildFile; fileRef = DA6DD3D4257A445400AACE45 /* JournalView.swift */; };
		DA6EE2262524BF9F0064D2CE /* GoalProgressView.swift in Sources */ = {isa = PBXBuildFile; fileRef = DA6EE2252524BF9F0064D2CE /* GoalProgressView.swift */; };
		DA790C27257B941C00598B96 /* JournalPage+CoreDataClass.swift in Sources */ = {isa = PBXBuildFile; fileRef = DA790C25257B941C00598B96 /* JournalPage+CoreDataClass.swift */; };
		DA794BC225272180005D8423 /* CGFloat+Extensions.swift in Sources */ = {isa = PBXBuildFile; fileRef = DA794BC125272180005D8423 /* CGFloat+Extensions.swift */; };
		DA794BD02527343E005D8423 /* HorizontalHoursSelector.swift in Sources */ = {isa = PBXBuildFile; fileRef = DA794BCF2527343E005D8423 /* HorizontalHoursSelector.swift */; };
		DA86E08525C87B4F000C44F7 /* NewGoalFirstView.swift in Sources */ = {isa = PBXBuildFile; fileRef = DA86E08425C87B4F000C44F7 /* NewGoalFirstView.swift */; };
		DA86E09025C8A530000C44F7 /* NewGoalHabitsCategoriesView.swift in Sources */ = {isa = PBXBuildFile; fileRef = DA86E08F25C8A530000C44F7 /* NewGoalHabitsCategoriesView.swift */; };
		DA86E09825C8ABDE000C44F7 /* HabitCategory.swift in Sources */ = {isa = PBXBuildFile; fileRef = DA86E09725C8ABDE000C44F7 /* HabitCategory.swift */; };
		DA86E0A525C8AD62000C44F7 /* HabitCategoryRow.swift in Sources */ = {isa = PBXBuildFile; fileRef = DA86E0A425C8AD62000C44F7 /* HabitCategoryRow.swift */; };
		DA8A53AA25C46A5300D030A9 /* View+Extensions.swift in Sources */ = {isa = PBXBuildFile; fileRef = DA8A53A925C46A5300D030A9 /* View+Extensions.swift */; };
		DA90BB50257FC38600B9D4D1 /* AllGoalsView.swift in Sources */ = {isa = PBXBuildFile; fileRef = DA90BB4F257FC38600B9D4D1 /* AllGoalsView.swift */; };
		DA90BB62257FC4FD00B9D4D1 /* GoalListRow.swift in Sources */ = {isa = PBXBuildFile; fileRef = DA90BB61257FC4FD00B9D4D1 /* GoalListRow.swift */; };
		DA938A272536F64D00446580 /* UserDefaults+ShowTutorial.swift in Sources */ = {isa = PBXBuildFile; fileRef = DA938A262536F64D00446580 /* UserDefaults+ShowTutorial.swift */; };
		DA938A2C2536FD9300446580 /* FireworksView.swift in Sources */ = {isa = PBXBuildFile; fileRef = DA938A2B2536FD9300446580 /* FireworksView.swift */; };
		DA938A32253703B600446580 /* UIScren+Extensions.swift in Sources */ = {isa = PBXBuildFile; fileRef = DA938A31253703B600446580 /* UIScren+Extensions.swift */; };
		DA9D02F22552AEE200DBFB2E /* WeekDay.swift in Sources */ = {isa = PBXBuildFile; fileRef = DA9D02F12552AEE200DBFB2E /* WeekDay.swift */; };
		DA9D02FA2552F7BF00DBFB2E /* TimeSelectorType.swift in Sources */ = {isa = PBXBuildFile; fileRef = DA9D02F92552F7BF00DBFB2E /* TimeSelectorType.swift */; };
		DA9DA465257519320006B706 /* MotivationalView.swift in Sources */ = {isa = PBXBuildFile; fileRef = DA9DA464257519320006B706 /* MotivationalView.swift */; };
		DAA2024F25C16D3E00501E00 /* TabBarIcon.swift in Sources */ = {isa = PBXBuildFile; fileRef = DAA2024E25C16D3E00501E00 /* TabBarIcon.swift */; };
		DAAA9033257A58FD00525B14 /* JournalDatesView.swift in Sources */ = {isa = PBXBuildFile; fileRef = DAAA9032257A58FD00525B14 /* JournalDatesView.swift */; };
		DAAA903B257A593400525B14 /* JournalDateView.swift in Sources */ = {isa = PBXBuildFile; fileRef = DAAA903A257A593400525B14 /* JournalDateView.swift */; };
		DAB4CE72252B556900DAA871 /* Double+Extensions.swift in Sources */ = {isa = PBXBuildFile; fileRef = DAB4CE71252B556900DAA871 /* Double+Extensions.swift */; };
		DAB7DC7A252232130087F9C8 /* YourGoalApp.swift in Sources */ = {isa = PBXBuildFile; fileRef = DAB7DC79252232130087F9C8 /* YourGoalApp.swift */; };
		DAB7DC7C252232130087F9C8 /* ContentView.swift in Sources */ = {isa = PBXBuildFile; fileRef = DAB7DC7B252232130087F9C8 /* ContentView.swift */; };
		DAB7DC7E252232130087F9C8 /* Assets.xcassets in Resources */ = {isa = PBXBuildFile; fileRef = DAB7DC7D252232130087F9C8 /* Assets.xcassets */; };
		DAB7DC81252232130087F9C8 /* Preview Assets.xcassets in Resources */ = {isa = PBXBuildFile; fileRef = DAB7DC80252232130087F9C8 /* Preview Assets.xcassets */; };
		DAB7DC83252232130087F9C8 /* Persistence.swift in Sources */ = {isa = PBXBuildFile; fileRef = DAB7DC82252232130087F9C8 /* Persistence.swift */; };
		DAB7DC86252232130087F9C8 /* YourGoal.xcdatamodeld in Sources */ = {isa = PBXBuildFile; fileRef = DAB7DC84252232130087F9C8 /* YourGoal.xcdatamodeld */; };
		DAB7DC91252232140087F9C8 /* YourGoalTests.swift in Sources */ = {isa = PBXBuildFile; fileRef = DAB7DC90252232140087F9C8 /* YourGoalTests.swift */; };
		DAB7DC9C252232140087F9C8 /* YourGoalUITests.swift in Sources */ = {isa = PBXBuildFile; fileRef = DAB7DC9B252232140087F9C8 /* YourGoalUITests.swift */; };
		DAB7DCB0252234300087F9C8 /* HorizontalCalendarView.swift in Sources */ = {isa = PBXBuildFile; fileRef = DAB7DCAF252234300087F9C8 /* HorizontalCalendarView.swift */; };
		DABE55352567C70F00923919 /* TutorialView.swift in Sources */ = {isa = PBXBuildFile; fileRef = DABE55342567C70F00923919 /* TutorialView.swift */; };
		DABE553A2567C84200923919 /* ExplanationView.swift in Sources */ = {isa = PBXBuildFile; fileRef = DABE55392567C84200923919 /* ExplanationView.swift */; };
		DAC0854D25C413CD00FE4DBC /* GoalSmallProgressView.swift in Sources */ = {isa = PBXBuildFile; fileRef = DAC0854C25C413CD00FE4DBC /* GoalSmallProgressView.swift */; };
		DAC0855525C4220300FE4DBC /* StatisticsSmallView.swift in Sources */ = {isa = PBXBuildFile; fileRef = DAC0855425C4220300FE4DBC /* StatisticsSmallView.swift */; };
		DAC0856C25C431C000FE4DBC /* Goals+Extension.swift in Sources */ = {isa = PBXBuildFile; fileRef = DAC0856B25C431C000FE4DBC /* Goals+Extension.swift */; };
		DAC0857425C434AC00FE4DBC /* Progress+CoreDataClass.swift in Sources */ = {isa = PBXBuildFile; fileRef = DAC0857325C434AC00FE4DBC /* Progress+CoreDataClass.swift */; };
		DAC2CCED25CEA52800E363F5 /* MeasureUnit.swift in Sources */ = {isa = PBXBuildFile; fileRef = DAC2CCEC25CEA52800E363F5 /* MeasureUnit.swift */; };
		DAE321F8257B9BA6007DB9F0 /* JournalMood.swift in Sources */ = {isa = PBXBuildFile; fileRef = DAE321F7257B9BA6007DB9F0 /* JournalMood.swift */; };
		DAE32200257B9E41007DB9F0 /* JournalDate.swift in Sources */ = {isa = PBXBuildFile; fileRef = DAE321FF257B9E41007DB9F0 /* JournalDate.swift */; };
		DAE7D780254C0F8200CA2300 /* FirebaseService.swift in Sources */ = {isa = PBXBuildFile; fileRef = DAE7D77F254C0F8200CA2300 /* FirebaseService.swift */; };
		DAE7D785254C1A2200CA2300 /* Dictionary+Extensions.swift in Sources */ = {isa = PBXBuildFile; fileRef = DAE7D784254C1A2200CA2300 /* Dictionary+Extensions.swift */; };
		DAEFAA8725763BFF00B06680 /* UserDefaults+ShowSmartExplanation.swift in Sources */ = {isa = PBXBuildFile; fileRef = DAEFAA8625763BFF00B06680 /* UserDefaults+ShowSmartExplanation.swift */; };
		DAEFAA9D2576424400B06680 /* NewGoalTimeView.swift in Sources */ = {isa = PBXBuildFile; fileRef = DAEFAA9C2576424400B06680 /* NewGoalTimeView.swift */; };
		DAF1A8BA255173F800EBEAA6 /* GoalType.swift in Sources */ = {isa = PBXBuildFile; fileRef = DAF1A8B9255173F800EBEAA6 /* GoalType.swift */; };
		DAF1A8C32551770D00EBEAA6 /* ColorSelectorView.swift in Sources */ = {isa = PBXBuildFile; fileRef = DAF1A8C22551770D00EBEAA6 /* ColorSelectorView.swift */; };
		DAF1A8DA25517D6900EBEAA6 /* TypeSelectorView.swift in Sources */ = {isa = PBXBuildFile; fileRef = DAF1A8D925517D6900EBEAA6 /* TypeSelectorView.swift */; };
		DAF1A8E025517F3300EBEAA6 /* TypeCellView.swift in Sources */ = {isa = PBXBuildFile; fileRef = DAF1A8DF25517F3300EBEAA6 /* TypeCellView.swift */; };
		DAF5EDC02534985A00B351FE /* HoursSelectorView.swift in Sources */ = {isa = PBXBuildFile; fileRef = DAF5EDBF2534985A00B351FE /* HoursSelectorView.swift */; };
/* End PBXBuildFile section */

/* Begin PBXContainerItemProxy section */
		DAB7DC8D252232140087F9C8 /* PBXContainerItemProxy */ = {
			isa = PBXContainerItemProxy;
			containerPortal = DAB7DC6E252232130087F9C8 /* Project object */;
			proxyType = 1;
			remoteGlobalIDString = DAB7DC75252232130087F9C8;
			remoteInfo = YourGoal;
		};
		DAB7DC98252232140087F9C8 /* PBXContainerItemProxy */ = {
			isa = PBXContainerItemProxy;
			containerPortal = DAB7DC6E252232130087F9C8 /* Project object */;
			proxyType = 1;
			remoteGlobalIDString = DAB7DC75252232130087F9C8;
			remoteInfo = YourGoal;
		};
/* End PBXContainerItemProxy section */

/* Begin PBXFileReference section */
		AACFDA306CD4D87009DF1D52 /* Pods_YourGoal.framework */ = {isa = PBXFileReference; explicitFileType = wrapper.framework; includeInIndex = 0; path = Pods_YourGoal.framework; sourceTree = BUILT_PRODUCTS_DIR; };
		DA0502862526166E000C4DC0 /* Date+Extensions.swift */ = {isa = PBXFileReference; lastKnownFileType = sourcecode.swift; path = "Date+Extensions.swift"; sourceTree = "<group>"; };
		DA05028B25264263000C4DC0 /* Color+Extensions.swift */ = {isa = PBXFileReference; lastKnownFileType = sourcecode.swift; path = "Color+Extensions.swift"; sourceTree = "<group>"; };
		DA06DF6F25C8B35E00BACD0C /* NewGoalHabitsView.swift */ = {isa = PBXFileReference; lastKnownFileType = sourcecode.swift; path = NewGoalHabitsView.swift; sourceTree = "<group>"; };
		DA06DF7725C8B49500BACD0C /* HabitTypeRow.swift */ = {isa = PBXFileReference; lastKnownFileType = sourcecode.swift; path = HabitTypeRow.swift; sourceTree = "<group>"; };
		DA084EDE25753DCE00CAC158 /* FamousQuote.swift */ = {isa = PBXFileReference; lastKnownFileType = sourcecode.swift; path = FamousQuote.swift; sourceTree = "<group>"; };
		DA084EE6257549BA00CAC158 /* ActiveSheet.swift */ = {isa = PBXFileReference; lastKnownFileType = sourcecode.swift; path = ActiveSheet.swift; sourceTree = "<group>"; };
		DA084EFA2575547500CAC158 /* LaunchScreen.storyboard */ = {isa = PBXFileReference; lastKnownFileType = file.storyboard; path = LaunchScreen.storyboard; sourceTree = "<group>"; };
		DA0861AF2531F66300C4A3DD /* UIApplication+Extensions.swift */ = {isa = PBXFileReference; lastKnownFileType = sourcecode.swift; path = "UIApplication+Extensions.swift"; sourceTree = "<group>"; };
		DA0861B42531F6EC00C4A3DD /* BackgroundView.swift */ = {isa = PBXFileReference; lastKnownFileType = sourcecode.swift; path = BackgroundView.swift; sourceTree = "<group>"; };
		DA0861D225323DEB00C4A3DD /* en */ = {isa = PBXFileReference; lastKnownFileType = text.plist.strings; name = en; path = en.lproj/Localizable.strings; sourceTree = "<group>"; };
		DA0861D725323DEF00C4A3DD /* it */ = {isa = PBXFileReference; lastKnownFileType = text.plist.strings; name = it; path = it.lproj/Localizable.strings; sourceTree = "<group>"; };
		DA0861D825323DF000C4A3DD /* es */ = {isa = PBXFileReference; lastKnownFileType = text.plist.strings; name = es; path = es.lproj/Localizable.strings; sourceTree = "<group>"; };
		DA0861D925323E5200C4A3DD /* String+Extensions.swift */ = {isa = PBXFileReference; lastKnownFileType = sourcecode.swift; path = "String+Extensions.swift"; sourceTree = "<group>"; };
		DA125FC825C1B8F900DA577E /* HomeView.swift */ = {isa = PBXFileReference; lastKnownFileType = sourcecode.swift; path = HomeView.swift; sourceTree = "<group>"; };
		DA125FD025C1CAE800DA577E /* ProfileView.swift */ = {isa = PBXFileReference; lastKnownFileType = sourcecode.swift; path = ProfileView.swift; sourceTree = "<group>"; };
		DA125FD525C1CAF200DA577E /* StatisticsView.swift */ = {isa = PBXFileReference; lastKnownFileType = sourcecode.swift; path = StatisticsView.swift; sourceTree = "<group>"; };
		DA1707A12528889A0082FC82 /* TrackHoursSpentView.swift */ = {isa = PBXFileReference; lastKnownFileType = sourcecode.swift; path = TrackHoursSpentView.swift; sourceTree = "<group>"; };
		DA1DD67725B72E1700981105 /* GoogleService-Info.plist */ = {isa = PBXFileReference; fileEncoding = 4; lastKnownFileType = text.plist.xml; path = "GoogleService-Info.plist"; sourceTree = "<group>"; };
		DA1DD67C25B73C9500981105 /* AppFonts.swift */ = {isa = PBXFileReference; lastKnownFileType = sourcecode.swift; path = AppFonts.swift; sourceTree = "<group>"; };
		DA1DD69425B746BF00981105 /* Caveat.ttf */ = {isa = PBXFileReference; lastKnownFileType = file; path = Caveat.ttf; sourceTree = "<group>"; };
		DA1DD69525B746BF00981105 /* IndieFlower.ttf */ = {isa = PBXFileReference; lastKnownFileType = file; path = IndieFlower.ttf; sourceTree = "<group>"; };
		DA32B6C925B7530600CAA773 /* Rubik-Italic.ttf */ = {isa = PBXFileReference; lastKnownFileType = file; path = "Rubik-Italic.ttf"; sourceTree = "<group>"; };
		DA32B6CA25B7530600CAA773 /* Rubik.ttf */ = {isa = PBXFileReference; lastKnownFileType = file; path = Rubik.ttf; sourceTree = "<group>"; };
		DA32B6D325B7558700CAA773 /* Vollkorn-Italic.ttf */ = {isa = PBXFileReference; lastKnownFileType = file; path = "Vollkorn-Italic.ttf"; sourceTree = "<group>"; };
		DA32B6D425B7558700CAA773 /* Vollkorn.ttf */ = {isa = PBXFileReference; lastKnownFileType = file; path = Vollkorn.ttf; sourceTree = "<group>"; };
		DA352844254ADD6500FF19FB /* AppDelegate.swift */ = {isa = PBXFileReference; lastKnownFileType = sourcecode.swift; path = AppDelegate.swift; sourceTree = "<group>"; };
		DA3A340B25275E3400597C73 /* DayCellView.swift */ = {isa = PBXFileReference; lastKnownFileType = sourcecode.swift; path = DayCellView.swift; sourceTree = "<group>"; };
		DA3A3413252761A600597C73 /* MainGoalView.swift */ = {isa = PBXFileReference; lastKnownFileType = sourcecode.swift; path = MainGoalView.swift; sourceTree = "<group>"; };
		DA47599A25470DE800A1ADA6 /* DeviceFix.swift */ = {isa = PBXFileReference; lastKnownFileType = sourcecode.swift; path = DeviceFix.swift; sourceTree = "<group>"; };
		DA50012525BB129700853B50 /* IconSelectorView.swift */ = {isa = PBXFileReference; lastKnownFileType = sourcecode.swift; path = IconSelectorView.swift; sourceTree = "<group>"; };
		DA55C8EE2528977200CA5297 /* TrackManualTimeView.swift */ = {isa = PBXFileReference; lastKnownFileType = sourcecode.swift; path = TrackManualTimeView.swift; sourceTree = "<group>"; };
		DA582A58252518CA00A37693 /* NewGoalQuestionsView.swift */ = {isa = PBXFileReference; lastKnownFileType = sourcecode.swift; path = NewGoalQuestionsView.swift; sourceTree = "<group>"; };
		DA59593125C5A3F90074CE85 /* Profile+CoreDataClass.swift */ = {isa = PBXFileReference; lastKnownFileType = sourcecode.swift; name = "Profile+CoreDataClass.swift"; path = "/Users/yuri/Desktop/YourGoal/YourGoal/Models/CoreData/Profile+CoreDataClass.swift"; sourceTree = "<absolute>"; };
		DA59593625C5A9A60074CE85 /* ProfileImageSelectorView.swift */ = {isa = PBXFileReference; lastKnownFileType = sourcecode.swift; path = ProfileImageSelectorView.swift; sourceTree = "<group>"; };
		DA6566B92525E61A00923688 /* Goal+CoreDataClass.swift */ = {isa = PBXFileReference; fileEncoding = 4; lastKnownFileType = sourcecode.swift; path = "Goal+CoreDataClass.swift"; sourceTree = "<group>"; };
		DA6DD3D4257A445400AACE45 /* JournalView.swift */ = {isa = PBXFileReference; lastKnownFileType = sourcecode.swift; path = JournalView.swift; sourceTree = "<group>"; };
		DA6EE2252524BF9F0064D2CE /* GoalProgressView.swift */ = {isa = PBXFileReference; lastKnownFileType = sourcecode.swift; path = GoalProgressView.swift; sourceTree = "<group>"; };
		DA790C25257B941C00598B96 /* JournalPage+CoreDataClass.swift */ = {isa = PBXFileReference; lastKnownFileType = sourcecode.swift; name = "JournalPage+CoreDataClass.swift"; path = "/Users/yuri/Desktop/YourGoal/YourGoal/Models/CoreData/JournalPage+CoreDataClass.swift"; sourceTree = "<absolute>"; };
		DA794BC125272180005D8423 /* CGFloat+Extensions.swift */ = {isa = PBXFileReference; lastKnownFileType = sourcecode.swift; path = "CGFloat+Extensions.swift"; sourceTree = "<group>"; };
		DA794BCF2527343E005D8423 /* HorizontalHoursSelector.swift */ = {isa = PBXFileReference; lastKnownFileType = sourcecode.swift; path = HorizontalHoursSelector.swift; sourceTree = "<group>"; };
		DA86E08425C87B4F000C44F7 /* NewGoalFirstView.swift */ = {isa = PBXFileReference; lastKnownFileType = sourcecode.swift; path = NewGoalFirstView.swift; sourceTree = "<group>"; };
		DA86E08F25C8A530000C44F7 /* NewGoalHabitsCategoriesView.swift */ = {isa = PBXFileReference; lastKnownFileType = sourcecode.swift; path = NewGoalHabitsCategoriesView.swift; sourceTree = "<group>"; };
		DA86E09725C8ABDE000C44F7 /* HabitCategory.swift */ = {isa = PBXFileReference; lastKnownFileType = sourcecode.swift; path = HabitCategory.swift; sourceTree = "<group>"; };
		DA86E0A425C8AD62000C44F7 /* HabitCategoryRow.swift */ = {isa = PBXFileReference; lastKnownFileType = sourcecode.swift; path = HabitCategoryRow.swift; sourceTree = "<group>"; };
		DA8A53A925C46A5300D030A9 /* View+Extensions.swift */ = {isa = PBXFileReference; lastKnownFileType = sourcecode.swift; path = "View+Extensions.swift"; sourceTree = "<group>"; };
		DA90BB4F257FC38600B9D4D1 /* AllGoalsView.swift */ = {isa = PBXFileReference; lastKnownFileType = sourcecode.swift; path = AllGoalsView.swift; sourceTree = "<group>"; };
		DA90BB61257FC4FD00B9D4D1 /* GoalListRow.swift */ = {isa = PBXFileReference; lastKnownFileType = sourcecode.swift; path = GoalListRow.swift; sourceTree = "<group>"; };
		DA938A262536F64D00446580 /* UserDefaults+ShowTutorial.swift */ = {isa = PBXFileReference; lastKnownFileType = sourcecode.swift; path = "UserDefaults+ShowTutorial.swift"; sourceTree = "<group>"; };
		DA938A2B2536FD9300446580 /* FireworksView.swift */ = {isa = PBXFileReference; lastKnownFileType = sourcecode.swift; path = FireworksView.swift; sourceTree = "<group>"; };
		DA938A31253703B600446580 /* UIScren+Extensions.swift */ = {isa = PBXFileReference; lastKnownFileType = sourcecode.swift; path = "UIScren+Extensions.swift"; sourceTree = "<group>"; };
		DA9D02F12552AEE200DBFB2E /* WeekDay.swift */ = {isa = PBXFileReference; lastKnownFileType = sourcecode.swift; path = WeekDay.swift; sourceTree = "<group>"; };
		DA9D02F92552F7BF00DBFB2E /* TimeSelectorType.swift */ = {isa = PBXFileReference; lastKnownFileType = sourcecode.swift; path = TimeSelectorType.swift; sourceTree = "<group>"; };
		DA9DA464257519320006B706 /* MotivationalView.swift */ = {isa = PBXFileReference; lastKnownFileType = sourcecode.swift; path = MotivationalView.swift; sourceTree = "<group>"; };
		DAA2024E25C16D3E00501E00 /* TabBarIcon.swift */ = {isa = PBXFileReference; lastKnownFileType = sourcecode.swift; path = TabBarIcon.swift; sourceTree = "<group>"; };
		DAAA9032257A58FD00525B14 /* JournalDatesView.swift */ = {isa = PBXFileReference; lastKnownFileType = sourcecode.swift; path = JournalDatesView.swift; sourceTree = "<group>"; };
		DAAA903A257A593400525B14 /* JournalDateView.swift */ = {isa = PBXFileReference; lastKnownFileType = sourcecode.swift; path = JournalDateView.swift; sourceTree = "<group>"; };
		DAB4CE71252B556900DAA871 /* Double+Extensions.swift */ = {isa = PBXFileReference; lastKnownFileType = sourcecode.swift; path = "Double+Extensions.swift"; sourceTree = "<group>"; };
		DAB7DC76252232130087F9C8 /* YourGoal.app */ = {isa = PBXFileReference; explicitFileType = wrapper.application; includeInIndex = 0; path = YourGoal.app; sourceTree = BUILT_PRODUCTS_DIR; };
		DAB7DC79252232130087F9C8 /* YourGoalApp.swift */ = {isa = PBXFileReference; lastKnownFileType = sourcecode.swift; path = YourGoalApp.swift; sourceTree = "<group>"; };
		DAB7DC7B252232130087F9C8 /* ContentView.swift */ = {isa = PBXFileReference; lastKnownFileType = sourcecode.swift; path = ContentView.swift; sourceTree = "<group>"; };
		DAB7DC7D252232130087F9C8 /* Assets.xcassets */ = {isa = PBXFileReference; lastKnownFileType = folder.assetcatalog; path = Assets.xcassets; sourceTree = "<group>"; };
		DAB7DC80252232130087F9C8 /* Preview Assets.xcassets */ = {isa = PBXFileReference; lastKnownFileType = folder.assetcatalog; path = "Preview Assets.xcassets"; sourceTree = "<group>"; };
		DAB7DC82252232130087F9C8 /* Persistence.swift */ = {isa = PBXFileReference; lastKnownFileType = sourcecode.swift; path = Persistence.swift; sourceTree = "<group>"; };
		DAB7DC85252232130087F9C8 /* YourGoal.xcdatamodel */ = {isa = PBXFileReference; lastKnownFileType = wrapper.xcdatamodel; path = YourGoal.xcdatamodel; sourceTree = "<group>"; };
		DAB7DC87252232130087F9C8 /* Info.plist */ = {isa = PBXFileReference; lastKnownFileType = text.plist.xml; path = Info.plist; sourceTree = "<group>"; };
		DAB7DC8C252232140087F9C8 /* YourGoalTests.xctest */ = {isa = PBXFileReference; explicitFileType = wrapper.cfbundle; includeInIndex = 0; path = YourGoalTests.xctest; sourceTree = BUILT_PRODUCTS_DIR; };
		DAB7DC90252232140087F9C8 /* YourGoalTests.swift */ = {isa = PBXFileReference; lastKnownFileType = sourcecode.swift; path = YourGoalTests.swift; sourceTree = "<group>"; };
		DAB7DC92252232140087F9C8 /* Info.plist */ = {isa = PBXFileReference; lastKnownFileType = text.plist.xml; path = Info.plist; sourceTree = "<group>"; };
		DAB7DC97252232140087F9C8 /* YourGoalUITests.xctest */ = {isa = PBXFileReference; explicitFileType = wrapper.cfbundle; includeInIndex = 0; path = YourGoalUITests.xctest; sourceTree = BUILT_PRODUCTS_DIR; };
		DAB7DC9B252232140087F9C8 /* YourGoalUITests.swift */ = {isa = PBXFileReference; lastKnownFileType = sourcecode.swift; path = YourGoalUITests.swift; sourceTree = "<group>"; };
		DAB7DC9D252232140087F9C8 /* Info.plist */ = {isa = PBXFileReference; lastKnownFileType = text.plist.xml; path = Info.plist; sourceTree = "<group>"; };
		DAB7DCAF252234300087F9C8 /* HorizontalCalendarView.swift */ = {isa = PBXFileReference; lastKnownFileType = sourcecode.swift; path = HorizontalCalendarView.swift; sourceTree = "<group>"; };
		DABE55342567C70F00923919 /* TutorialView.swift */ = {isa = PBXFileReference; lastKnownFileType = sourcecode.swift; path = TutorialView.swift; sourceTree = "<group>"; };
		DABE55392567C84200923919 /* ExplanationView.swift */ = {isa = PBXFileReference; lastKnownFileType = sourcecode.swift; path = ExplanationView.swift; sourceTree = "<group>"; };
		DAC0854C25C413CD00FE4DBC /* GoalSmallProgressView.swift */ = {isa = PBXFileReference; lastKnownFileType = sourcecode.swift; path = GoalSmallProgressView.swift; sourceTree = "<group>"; };
		DAC0855425C4220300FE4DBC /* StatisticsSmallView.swift */ = {isa = PBXFileReference; lastKnownFileType = sourcecode.swift; path = StatisticsSmallView.swift; sourceTree = "<group>"; };
		DAC0856B25C431C000FE4DBC /* Goals+Extension.swift */ = {isa = PBXFileReference; lastKnownFileType = sourcecode.swift; path = "Goals+Extension.swift"; sourceTree = "<group>"; };
		DAC0857325C434AC00FE4DBC /* Progress+CoreDataClass.swift */ = {isa = PBXFileReference; lastKnownFileType = sourcecode.swift; name = "Progress+CoreDataClass.swift"; path = "/Users/yuri/Desktop/YourGoal/YourGoal/Models/CoreData/Progress+CoreDataClass.swift"; sourceTree = "<absolute>"; };
		DAC2CCEC25CEA52800E363F5 /* MeasureUnit.swift */ = {isa = PBXFileReference; lastKnownFileType = sourcecode.swift; path = MeasureUnit.swift; sourceTree = "<group>"; };
		DAE321F7257B9BA6007DB9F0 /* JournalMood.swift */ = {isa = PBXFileReference; lastKnownFileType = sourcecode.swift; path = JournalMood.swift; sourceTree = "<group>"; };
		DAE321FF257B9E41007DB9F0 /* JournalDate.swift */ = {isa = PBXFileReference; lastKnownFileType = sourcecode.swift; path = JournalDate.swift; sourceTree = "<group>"; };
		DAE7D77F254C0F8200CA2300 /* FirebaseService.swift */ = {isa = PBXFileReference; lastKnownFileType = sourcecode.swift; path = FirebaseService.swift; sourceTree = "<group>"; };
		DAE7D784254C1A2200CA2300 /* Dictionary+Extensions.swift */ = {isa = PBXFileReference; lastKnownFileType = sourcecode.swift; path = "Dictionary+Extensions.swift"; sourceTree = "<group>"; };
		DAEFAA8625763BFF00B06680 /* UserDefaults+ShowSmartExplanation.swift */ = {isa = PBXFileReference; lastKnownFileType = sourcecode.swift; path = "UserDefaults+ShowSmartExplanation.swift"; sourceTree = "<group>"; };
		DAEFAA9C2576424400B06680 /* NewGoalTimeView.swift */ = {isa = PBXFileReference; lastKnownFileType = sourcecode.swift; path = NewGoalTimeView.swift; sourceTree = "<group>"; };
		DAF1A8B9255173F800EBEAA6 /* GoalType.swift */ = {isa = PBXFileReference; lastKnownFileType = sourcecode.swift; path = GoalType.swift; sourceTree = "<group>"; };
		DAF1A8C22551770D00EBEAA6 /* ColorSelectorView.swift */ = {isa = PBXFileReference; lastKnownFileType = sourcecode.swift; path = ColorSelectorView.swift; sourceTree = "<group>"; };
		DAF1A8D925517D6900EBEAA6 /* TypeSelectorView.swift */ = {isa = PBXFileReference; lastKnownFileType = sourcecode.swift; path = TypeSelectorView.swift; sourceTree = "<group>"; };
		DAF1A8DF25517F3300EBEAA6 /* TypeCellView.swift */ = {isa = PBXFileReference; lastKnownFileType = sourcecode.swift; path = TypeCellView.swift; sourceTree = "<group>"; };
		DAF5EDBF2534985A00B351FE /* HoursSelectorView.swift */ = {isa = PBXFileReference; lastKnownFileType = sourcecode.swift; path = HoursSelectorView.swift; sourceTree = "<group>"; };
		E11DA627FA8B9B831F4EE348 /* Pods-YourGoal.release.xcconfig */ = {isa = PBXFileReference; includeInIndex = 1; lastKnownFileType = text.xcconfig; name = "Pods-YourGoal.release.xcconfig"; path = "Target Support Files/Pods-YourGoal/Pods-YourGoal.release.xcconfig"; sourceTree = "<group>"; };
		ECE80D526B591ED8FAE53F3C /* Pods-YourGoal.debug.xcconfig */ = {isa = PBXFileReference; includeInIndex = 1; lastKnownFileType = text.xcconfig; name = "Pods-YourGoal.debug.xcconfig"; path = "Target Support Files/Pods-YourGoal/Pods-YourGoal.debug.xcconfig"; sourceTree = "<group>"; };
/* End PBXFileReference section */

/* Begin PBXFrameworksBuildPhase section */
		DAB7DC73252232130087F9C8 /* Frameworks */ = {
			isa = PBXFrameworksBuildPhase;
			buildActionMask = 2147483647;
			files = (
				797591DF089F6C8918D9F16D /* Pods_YourGoal.framework in Frameworks */,
			);
			runOnlyForDeploymentPostprocessing = 0;
		};
		DAB7DC89252232140087F9C8 /* Frameworks */ = {
			isa = PBXFrameworksBuildPhase;
			buildActionMask = 2147483647;
			files = (
			);
			runOnlyForDeploymentPostprocessing = 0;
		};
		DAB7DC94252232140087F9C8 /* Frameworks */ = {
			isa = PBXFrameworksBuildPhase;
			buildActionMask = 2147483647;
			files = (
			);
			runOnlyForDeploymentPostprocessing = 0;
		};
/* End PBXFrameworksBuildPhase section */

/* Begin PBXGroup section */
		0B187E21A1158173252A162E /* Pods */ = {
			isa = PBXGroup;
			children = (
				ECE80D526B591ED8FAE53F3C /* Pods-YourGoal.debug.xcconfig */,
				E11DA627FA8B9B831F4EE348 /* Pods-YourGoal.release.xcconfig */,
			);
			path = Pods;
			sourceTree = "<group>";
		};
		1B6FA763D1AC33305350F11E /* Frameworks */ = {
			isa = PBXGroup;
			children = (
				AACFDA306CD4D87009DF1D52 /* Pods_YourGoal.framework */,
			);
			name = Frameworks;
			sourceTree = "<group>";
		};
		DA0502852526165B000C4DC0 /* Extensions */ = {
			isa = PBXGroup;
			children = (
				DA938A252536F60B00446580 /* UserDefaults */,
				DA794BC125272180005D8423 /* CGFloat+Extensions.swift */,
				DA05028B25264263000C4DC0 /* Color+Extensions.swift */,
				DA0502862526166E000C4DC0 /* Date+Extensions.swift */,
				DAE7D784254C1A2200CA2300 /* Dictionary+Extensions.swift */,
				DAB4CE71252B556900DAA871 /* Double+Extensions.swift */,
				DAC0856B25C431C000FE4DBC /* Goals+Extension.swift */,
				DA0861D925323E5200C4A3DD /* String+Extensions.swift */,
				DA8A53A925C46A5300D030A9 /* View+Extensions.swift */,
			);
			path = Extensions;
			sourceTree = "<group>";
		};
		DA0861D02532300400C4A3DD /* Resources */ = {
			isa = PBXGroup;
			children = (
				DA1DD68125B741CC00981105 /* Fonts */,
				DA0861D325323DEB00C4A3DD /* Localizable.strings */,
				DAB7DC7D252232130087F9C8 /* Assets.xcassets */,
				DA084EFA2575547500CAC158 /* LaunchScreen.storyboard */,
				DA1DD67725B72E1700981105 /* GoogleService-Info.plist */,
			);
			path = Resources;
			sourceTree = "<group>";
		};
		DA1DD68125B741CC00981105 /* Fonts */ = {
			isa = PBXGroup;
			children = (
				DA32B6D325B7558700CAA773 /* Vollkorn-Italic.ttf */,
				DA32B6D425B7558700CAA773 /* Vollkorn.ttf */,
				DA32B6C925B7530600CAA773 /* Rubik-Italic.ttf */,
				DA32B6CA25B7530600CAA773 /* Rubik.ttf */,
				DA1DD69425B746BF00981105 /* Caveat.ttf */,
				DA1DD69525B746BF00981105 /* IndieFlower.ttf */,
			);
			path = Fonts;
			sourceTree = "<group>";
		};
		DA3A340A25275E2000597C73 /* CalendarView */ = {
			isa = PBXGroup;
			children = (
				DA3A340B25275E3400597C73 /* DayCellView.swift */,
				DAB7DCAF252234300087F9C8 /* HorizontalCalendarView.swift */,
			);
			path = CalendarView;
			sourceTree = "<group>";
		};
		DA47599625470DB200A1ADA6 /* Services */ = {
			isa = PBXGroup;
			children = (
				DA1DD67C25B73C9500981105 /* AppFonts.swift */,
				DA47599A25470DE800A1ADA6 /* DeviceFix.swift */,
				DAE7D77F254C0F8200CA2300 /* FirebaseService.swift */,
			);
			path = Services;
			sourceTree = "<group>";
		};
		DA582A5D252518DA00A37693 /* Controllers */ = {
			isa = PBXGroup;
			children = (
				DA6DD3D9257A445F00AACE45 /* AddNewGoal */,
				DA90BB4F257FC38600B9D4D1 /* AllGoalsView.swift */,
				DA125FC825C1B8F900DA577E /* HomeView.swift */,
				DA6DD3D4257A445400AACE45 /* JournalView.swift */,
				DA3A3413252761A600597C73 /* MainGoalView.swift */,
				DA125FD025C1CAE800DA577E /* ProfileView.swift */,
				DA125FD525C1CAF200DA577E /* StatisticsView.swift */,
				DABE55342567C70F00923919 /* TutorialView.swift */,
			);
			path = Controllers;
			sourceTree = "<group>";
		};
		DA6566B82525E61A00923688 /* Models */ = {
			isa = PBXGroup;
			children = (
				DA790BF5257B918400598B96 /* CoreData */,
				DA9D02EB2552AE4800DBFB2E /* Structs */,
				DAF1A8B8255173E900EBEAA6 /* Enums */,
			);
			path = Models;
			sourceTree = "<group>";
		};
		DA6DD3D9257A445F00AACE45 /* AddNewGoal */ = {
			isa = PBXGroup;
			children = (
				DA86E08425C87B4F000C44F7 /* NewGoalFirstView.swift */,
				DA86E08F25C8A530000C44F7 /* NewGoalHabitsCategoriesView.swift */,
				DA06DF6F25C8B35E00BACD0C /* NewGoalHabitsView.swift */,
				DA582A58252518CA00A37693 /* NewGoalQuestionsView.swift */,
				DAEFAA9C2576424400B06680 /* NewGoalTimeView.swift */,
			);
			path = AddNewGoal;
			sourceTree = "<group>";
		};
		DA6EE2242524BF6E0064D2CE /* Views */ = {
			isa = PBXGroup;
			children = (
				DA3A340A25275E2000597C73 /* CalendarView */,
				DAAA9031257A58D900525B14 /* JournalDatesView */,
				DAF1A8DE25517F1200EBEAA6 /* TypeSelectorView */,
				DAF1A8C12551768900EBEAA6 /* TrackTimeView */,
				DA0861B42531F6EC00C4A3DD /* BackgroundView.swift */,
				DAF1A8C22551770D00EBEAA6 /* ColorSelectorView.swift */,
				DABE55392567C84200923919 /* ExplanationView.swift */,
				DA90BB61257FC4FD00B9D4D1 /* GoalListRow.swift */,
				DA6EE2252524BF9F0064D2CE /* GoalProgressView.swift */,
				DAC0854C25C413CD00FE4DBC /* GoalSmallProgressView.swift */,
				DA86E0A425C8AD62000C44F7 /* HabitCategoryRow.swift */,
				DAF5EDBF2534985A00B351FE /* HoursSelectorView.swift */,
				DA06DF7725C8B49500BACD0C /* HabitTypeRow.swift */,
				DA50012525BB129700853B50 /* IconSelectorView.swift */,
				DA9DA464257519320006B706 /* MotivationalView.swift */,
				DA59593625C5A9A60074CE85 /* ProfileImageSelectorView.swift */,
				DAC0855425C4220300FE4DBC /* StatisticsSmallView.swift */,
			);
			path = Views;
			sourceTree = "<group>";
		};
		DA790BF5257B918400598B96 /* CoreData */ = {
			isa = PBXGroup;
			children = (
				DA6566B92525E61A00923688 /* Goal+CoreDataClass.swift */,
				DA790C25257B941C00598B96 /* JournalPage+CoreDataClass.swift */,
				DA59593125C5A3F90074CE85 /* Profile+CoreDataClass.swift */,
				DAC0857325C434AC00FE4DBC /* Progress+CoreDataClass.swift */,
			);
			path = CoreData;
			sourceTree = "<group>";
		};
		DA794BCE252733CC005D8423 /* UIKit */ = {
			isa = PBXGroup;
			children = (
				DA938A30253703A200446580 /* Extensions */,
				DA794BCF2527343E005D8423 /* HorizontalHoursSelector.swift */,
				DA938A2B2536FD9300446580 /* FireworksView.swift */,
			);
			path = UIKit;
			sourceTree = "<group>";
		};
		DA938A252536F60B00446580 /* UserDefaults */ = {
			isa = PBXGroup;
			children = (
				DA938A262536F64D00446580 /* UserDefaults+ShowTutorial.swift */,
				DAEFAA8625763BFF00B06680 /* UserDefaults+ShowSmartExplanation.swift */,
			);
			path = UserDefaults;
			sourceTree = "<group>";
		};
		DA938A30253703A200446580 /* Extensions */ = {
			isa = PBXGroup;
			children = (
				DA0861AF2531F66300C4A3DD /* UIApplication+Extensions.swift */,
				DA938A31253703B600446580 /* UIScren+Extensions.swift */,
			);
			path = Extensions;
			sourceTree = "<group>";
		};
		DA9D02EB2552AE4800DBFB2E /* Structs */ = {
			isa = PBXGroup;
			children = (
				DA084EDE25753DCE00CAC158 /* FamousQuote.swift */,
				DAF1A8B9255173F800EBEAA6 /* GoalType.swift */,
				DA86E09725C8ABDE000C44F7 /* HabitCategory.swift */,
				DAE321FF257B9E41007DB9F0 /* JournalDate.swift */,
				DAA2024E25C16D3E00501E00 /* TabBarIcon.swift */,
				DA9D02F12552AEE200DBFB2E /* WeekDay.swift */,
			);
			path = Structs;
			sourceTree = "<group>";
		};
		DAAA9031257A58D900525B14 /* JournalDatesView */ = {
			isa = PBXGroup;
			children = (
				DAAA903A257A593400525B14 /* JournalDateView.swift */,
				DAAA9032257A58FD00525B14 /* JournalDatesView.swift */,
			);
			path = JournalDatesView;
			sourceTree = "<group>";
		};
		DAB7DC6D252232130087F9C8 = {
			isa = PBXGroup;
			children = (
				DAB7DC78252232130087F9C8 /* YourGoal */,
				DAB7DC8F252232140087F9C8 /* YourGoalTests */,
				DAB7DC9A252232140087F9C8 /* YourGoalUITests */,
				DAB7DC77252232130087F9C8 /* Products */,
				0B187E21A1158173252A162E /* Pods */,
				1B6FA763D1AC33305350F11E /* Frameworks */,
			);
			sourceTree = "<group>";
		};
		DAB7DC77252232130087F9C8 /* Products */ = {
			isa = PBXGroup;
			children = (
				DAB7DC76252232130087F9C8 /* YourGoal.app */,
				DAB7DC8C252232140087F9C8 /* YourGoalTests.xctest */,
				DAB7DC97252232140087F9C8 /* YourGoalUITests.xctest */,
			);
			name = Products;
			sourceTree = "<group>";
		};
		DAB7DC78252232130087F9C8 /* YourGoal */ = {
			isa = PBXGroup;
			children = (
				DAB7DC87252232130087F9C8 /* Info.plist */,
				DAB7DC84252232130087F9C8 /* YourGoal.xcdatamodeld */,
				DA352844254ADD6500FF19FB /* AppDelegate.swift */,
				DAB7DC7B252232130087F9C8 /* ContentView.swift */,
				DAB7DC82252232130087F9C8 /* Persistence.swift */,
				DAB7DC79252232130087F9C8 /* YourGoalApp.swift */,
				DA582A5D252518DA00A37693 /* Controllers */,
				DA0502852526165B000C4DC0 /* Extensions */,
				DA6566B82525E61A00923688 /* Models */,
				DAB7DC7F252232130087F9C8 /* Preview Content */,
				DA0861D02532300400C4A3DD /* Resources */,
				DA47599625470DB200A1ADA6 /* Services */,
				DA794BCE252733CC005D8423 /* UIKit */,
				DA6EE2242524BF6E0064D2CE /* Views */,
			);
			path = YourGoal;
			sourceTree = "<group>";
		};
		DAB7DC7F252232130087F9C8 /* Preview Content */ = {
			isa = PBXGroup;
			children = (
				DAB7DC80252232130087F9C8 /* Preview Assets.xcassets */,
			);
			path = "Preview Content";
			sourceTree = "<group>";
		};
		DAB7DC8F252232140087F9C8 /* YourGoalTests */ = {
			isa = PBXGroup;
			children = (
				DAB7DC90252232140087F9C8 /* YourGoalTests.swift */,
				DAB7DC92252232140087F9C8 /* Info.plist */,
			);
			path = YourGoalTests;
			sourceTree = "<group>";
		};
		DAB7DC9A252232140087F9C8 /* YourGoalUITests */ = {
			isa = PBXGroup;
			children = (
				DAB7DC9B252232140087F9C8 /* YourGoalUITests.swift */,
				DAB7DC9D252232140087F9C8 /* Info.plist */,
			);
			path = YourGoalUITests;
			sourceTree = "<group>";
		};
		DAF1A8B8255173E900EBEAA6 /* Enums */ = {
			isa = PBXGroup;
			children = (
				DA084EE6257549BA00CAC158 /* ActiveSheet.swift */,
				DAE321F7257B9BA6007DB9F0 /* JournalMood.swift */,
				DAC2CCEC25CEA52800E363F5 /* MeasureUnit.swift */,
				DA9D02F92552F7BF00DBFB2E /* TimeSelectorType.swift */,
			);
			path = Enums;
			sourceTree = "<group>";
		};
		DAF1A8C12551768900EBEAA6 /* TrackTimeView */ = {
			isa = PBXGroup;
			children = (
				DA1707A12528889A0082FC82 /* TrackHoursSpentView.swift */,
				DA55C8EE2528977200CA5297 /* TrackManualTimeView.swift */,
			);
			path = TrackTimeView;
			sourceTree = "<group>";
		};
		DAF1A8DE25517F1200EBEAA6 /* TypeSelectorView */ = {
			isa = PBXGroup;
			children = (
				DAF1A8D925517D6900EBEAA6 /* TypeSelectorView.swift */,
				DAF1A8DF25517F3300EBEAA6 /* TypeCellView.swift */,
			);
			path = TypeSelectorView;
			sourceTree = "<group>";
		};
/* End PBXGroup section */

/* Begin PBXNativeTarget section */
		DAB7DC75252232130087F9C8 /* YourGoal */ = {
			isa = PBXNativeTarget;
			buildConfigurationList = DAB7DCA0252232140087F9C8 /* Build configuration list for PBXNativeTarget "YourGoal" */;
			buildPhases = (
				065899DC66C3F02F11FB7CD9 /* [CP] Check Pods Manifest.lock */,
				DAB7DC72252232130087F9C8 /* Sources */,
				DAB7DC73252232130087F9C8 /* Frameworks */,
				DAB7DC74252232130087F9C8 /* Resources */,
				AC3BBE4C261E7E59D6E915C8 /* [CP] Embed Pods Frameworks */,
			);
			buildRules = (
			);
			dependencies = (
			);
			name = YourGoal;
			productName = YourGoal;
			productReference = DAB7DC76252232130087F9C8 /* YourGoal.app */;
			productType = "com.apple.product-type.application";
		};
		DAB7DC8B252232140087F9C8 /* YourGoalTests */ = {
			isa = PBXNativeTarget;
			buildConfigurationList = DAB7DCA3252232140087F9C8 /* Build configuration list for PBXNativeTarget "YourGoalTests" */;
			buildPhases = (
				DAB7DC88252232140087F9C8 /* Sources */,
				DAB7DC89252232140087F9C8 /* Frameworks */,
				DAB7DC8A252232140087F9C8 /* Resources */,
			);
			buildRules = (
			);
			dependencies = (
				DAB7DC8E252232140087F9C8 /* PBXTargetDependency */,
			);
			name = YourGoalTests;
			productName = YourGoalTests;
			productReference = DAB7DC8C252232140087F9C8 /* YourGoalTests.xctest */;
			productType = "com.apple.product-type.bundle.unit-test";
		};
		DAB7DC96252232140087F9C8 /* YourGoalUITests */ = {
			isa = PBXNativeTarget;
			buildConfigurationList = DAB7DCA6252232140087F9C8 /* Build configuration list for PBXNativeTarget "YourGoalUITests" */;
			buildPhases = (
				DAB7DC93252232140087F9C8 /* Sources */,
				DAB7DC94252232140087F9C8 /* Frameworks */,
				DAB7DC95252232140087F9C8 /* Resources */,
			);
			buildRules = (
			);
			dependencies = (
				DAB7DC99252232140087F9C8 /* PBXTargetDependency */,
			);
			name = YourGoalUITests;
			productName = YourGoalUITests;
			productReference = DAB7DC97252232140087F9C8 /* YourGoalUITests.xctest */;
			productType = "com.apple.product-type.bundle.ui-testing";
		};
/* End PBXNativeTarget section */

/* Begin PBXProject section */
		DAB7DC6E252232130087F9C8 /* Project object */ = {
			isa = PBXProject;
			attributes = {
				LastSwiftUpdateCheck = 1200;
				LastUpgradeCheck = 1200;
				TargetAttributes = {
					DAB7DC75252232130087F9C8 = {
						CreatedOnToolsVersion = 12.0.1;
					};
					DAB7DC8B252232140087F9C8 = {
						CreatedOnToolsVersion = 12.0.1;
						TestTargetID = DAB7DC75252232130087F9C8;
					};
					DAB7DC96252232140087F9C8 = {
						CreatedOnToolsVersion = 12.0.1;
						TestTargetID = DAB7DC75252232130087F9C8;
					};
				};
			};
			buildConfigurationList = DAB7DC71252232130087F9C8 /* Build configuration list for PBXProject "YourGoal" */;
			compatibilityVersion = "Xcode 9.3";
			developmentRegion = en;
			hasScannedForEncodings = 0;
			knownRegions = (
				en,
				Base,
				it,
				es,
			);
			mainGroup = DAB7DC6D252232130087F9C8;
			productRefGroup = DAB7DC77252232130087F9C8 /* Products */;
			projectDirPath = "";
			projectRoot = "";
			targets = (
				DAB7DC75252232130087F9C8 /* YourGoal */,
				DAB7DC8B252232140087F9C8 /* YourGoalTests */,
				DAB7DC96252232140087F9C8 /* YourGoalUITests */,
			);
		};
/* End PBXProject section */

/* Begin PBXResourcesBuildPhase section */
		DAB7DC74252232130087F9C8 /* Resources */ = {
			isa = PBXResourcesBuildPhase;
			buildActionMask = 2147483647;
			files = (
				DA32B6CC25B7530600CAA773 /* Rubik.ttf in Resources */,
				DAB7DC81252232130087F9C8 /* Preview Assets.xcassets in Resources */,
				DA0861D125323DEB00C4A3DD /* Localizable.strings in Resources */,
				DA32B6D625B7558700CAA773 /* Vollkorn.ttf in Resources */,
				DA1DD69925B746BF00981105 /* IndieFlower.ttf in Resources */,
				DA1DD67825B72E1700981105 /* GoogleService-Info.plist in Resources */,
				DA32B6CB25B7530600CAA773 /* Rubik-Italic.ttf in Resources */,
				DA1DD69825B746BF00981105 /* Caveat.ttf in Resources */,
				DA32B6D525B7558700CAA773 /* Vollkorn-Italic.ttf in Resources */,
				DA084EFB2575547500CAC158 /* LaunchScreen.storyboard in Resources */,
				DAB7DC7E252232130087F9C8 /* Assets.xcassets in Resources */,
			);
			runOnlyForDeploymentPostprocessing = 0;
		};
		DAB7DC8A252232140087F9C8 /* Resources */ = {
			isa = PBXResourcesBuildPhase;
			buildActionMask = 2147483647;
			files = (
			);
			runOnlyForDeploymentPostprocessing = 0;
		};
		DAB7DC95252232140087F9C8 /* Resources */ = {
			isa = PBXResourcesBuildPhase;
			buildActionMask = 2147483647;
			files = (
			);
			runOnlyForDeploymentPostprocessing = 0;
		};
/* End PBXResourcesBuildPhase section */

/* Begin PBXShellScriptBuildPhase section */
		065899DC66C3F02F11FB7CD9 /* [CP] Check Pods Manifest.lock */ = {
			isa = PBXShellScriptBuildPhase;
			buildActionMask = 2147483647;
			files = (
			);
			inputFileListPaths = (
			);
			inputPaths = (
				"${PODS_PODFILE_DIR_PATH}/Podfile.lock",
				"${PODS_ROOT}/Manifest.lock",
			);
			name = "[CP] Check Pods Manifest.lock";
			outputFileListPaths = (
			);
			outputPaths = (
				"$(DERIVED_FILE_DIR)/Pods-YourGoal-checkManifestLockResult.txt",
			);
			runOnlyForDeploymentPostprocessing = 0;
			shellPath = /bin/sh;
			shellScript = "diff \"${PODS_PODFILE_DIR_PATH}/Podfile.lock\" \"${PODS_ROOT}/Manifest.lock\" > /dev/null\nif [ $? != 0 ] ; then\n    # print error to STDERR\n    echo \"error: The sandbox is not in sync with the Podfile.lock. Run 'pod install' or update your CocoaPods installation.\" >&2\n    exit 1\nfi\n# This output is used by Xcode 'outputs' to avoid re-running this script phase.\necho \"SUCCESS\" > \"${SCRIPT_OUTPUT_FILE_0}\"\n";
			showEnvVarsInLog = 0;
		};
		AC3BBE4C261E7E59D6E915C8 /* [CP] Embed Pods Frameworks */ = {
			isa = PBXShellScriptBuildPhase;
			buildActionMask = 2147483647;
			files = (
			);
			inputFileListPaths = (
				"${PODS_ROOT}/Target Support Files/Pods-YourGoal/Pods-YourGoal-frameworks-${CONFIGURATION}-input-files.xcfilelist",
			);
			name = "[CP] Embed Pods Frameworks";
			outputFileListPaths = (
				"${PODS_ROOT}/Target Support Files/Pods-YourGoal/Pods-YourGoal-frameworks-${CONFIGURATION}-output-files.xcfilelist",
			);
			runOnlyForDeploymentPostprocessing = 0;
			shellPath = /bin/sh;
			shellScript = "\"${PODS_ROOT}/Target Support Files/Pods-YourGoal/Pods-YourGoal-frameworks.sh\"\n";
			showEnvVarsInLog = 0;
		};
/* End PBXShellScriptBuildPhase section */

/* Begin PBXSourcesBuildPhase section */
		DAB7DC72252232130087F9C8 /* Sources */ = {
			isa = PBXSourcesBuildPhase;
			buildActionMask = 2147483647;
			files = (
				DAEFAA9D2576424400B06680 /* NewGoalTimeView.swift in Sources */,
				DA6566BB2525E61A00923688 /* Goal+CoreDataClass.swift in Sources */,
				DAE32200257B9E41007DB9F0 /* JournalDate.swift in Sources */,
				DA0861DA25323E5200C4A3DD /* String+Extensions.swift in Sources */,
				DAF1A8DA25517D6900EBEAA6 /* TypeSelectorView.swift in Sources */,
				DAA2024F25C16D3E00501E00 /* TabBarIcon.swift in Sources */,
				DAAA903B257A593400525B14 /* JournalDateView.swift in Sources */,
				DA3A340C25275E3400597C73 /* DayCellView.swift in Sources */,
				DA90BB50257FC38600B9D4D1 /* AllGoalsView.swift in Sources */,
				DA90BB62257FC4FD00B9D4D1 /* GoalListRow.swift in Sources */,
				DA9DA465257519320006B706 /* MotivationalView.swift in Sources */,
				DA86E0A525C8AD62000C44F7 /* HabitCategoryRow.swift in Sources */,
				DA86E09825C8ABDE000C44F7 /* HabitCategory.swift in Sources */,
				DA06DF7025C8B35E00BACD0C /* NewGoalHabitsView.swift in Sources */,
				DA50012625BB129700853B50 /* IconSelectorView.swift in Sources */,
				DA0861B02531F66300C4A3DD /* UIApplication+Extensions.swift in Sources */,
				DA794BD02527343E005D8423 /* HorizontalHoursSelector.swift in Sources */,
				DAAA9033257A58FD00525B14 /* JournalDatesView.swift in Sources */,
				DA86E08525C87B4F000C44F7 /* NewGoalFirstView.swift in Sources */,
				DA6EE2262524BF9F0064D2CE /* GoalProgressView.swift in Sources */,
				DA0502872526166E000C4DC0 /* Date+Extensions.swift in Sources */,
				DA55C8EF2528977200CA5297 /* TrackManualTimeView.swift in Sources */,
				DA9D02FA2552F7BF00DBFB2E /* TimeSelectorType.swift in Sources */,
				DA582A59252518CA00A37693 /* NewGoalQuestionsView.swift in Sources */,
				DAF1A8E025517F3300EBEAA6 /* TypeCellView.swift in Sources */,
				DAB7DC83252232130087F9C8 /* Persistence.swift in Sources */,
				DA05028C25264263000C4DC0 /* Color+Extensions.swift in Sources */,
				DAE321F8257B9BA6007DB9F0 /* JournalMood.swift in Sources */,
				DA0861B52531F6EC00C4A3DD /* BackgroundView.swift in Sources */,
				DA938A32253703B600446580 /* UIScren+Extensions.swift in Sources */,
				DAC0854D25C413CD00FE4DBC /* GoalSmallProgressView.swift in Sources */,
				DAF5EDC02534985A00B351FE /* HoursSelectorView.swift in Sources */,
				DA125FC925C1B8F900DA577E /* HomeView.swift in Sources */,
				DAB7DCB0252234300087F9C8 /* HorizontalCalendarView.swift in Sources */,
				DAC0856C25C431C000FE4DBC /* Goals+Extension.swift in Sources */,
				DA59593725C5A9A60074CE85 /* ProfileImageSelectorView.swift in Sources */,
				DA86E09025C8A530000C44F7 /* NewGoalHabitsCategoriesView.swift in Sources */,
				DA3A3414252761A600597C73 /* MainGoalView.swift in Sources */,
				DA1DD67D25B73C9500981105 /* AppFonts.swift in Sources */,
				DA6DD3D5257A445400AACE45 /* JournalView.swift in Sources */,
				DAB4CE72252B556900DAA871 /* Double+Extensions.swift in Sources */,
				DAC0857425C434AC00FE4DBC /* Progress+CoreDataClass.swift in Sources */,
				DAB7DC7C252232130087F9C8 /* ContentView.swift in Sources */,
				DAE7D780254C0F8200CA2300 /* FirebaseService.swift in Sources */,
				DAEFAA8725763BFF00B06680 /* UserDefaults+ShowSmartExplanation.swift in Sources */,
				DA938A272536F64D00446580 /* UserDefaults+ShowTutorial.swift in Sources */,
				DA47599B25470DE800A1ADA6 /* DeviceFix.swift in Sources */,
				DAF1A8C32551770D00EBEAA6 /* ColorSelectorView.swift in Sources */,
				DAB7DC7A252232130087F9C8 /* YourGoalApp.swift in Sources */,
				DABE553A2567C84200923919 /* ExplanationView.swift in Sources */,
				DA352845254ADD6500FF19FB /* AppDelegate.swift in Sources */,
				DA125FD125C1CAE800DA577E /* ProfileView.swift in Sources */,
				DA794BC225272180005D8423 /* CGFloat+Extensions.swift in Sources */,
				DABE55352567C70F00923919 /* TutorialView.swift in Sources */,
				DA125FD625C1CAF200DA577E /* StatisticsView.swift in Sources */,
				DA790C27257B941C00598B96 /* JournalPage+CoreDataClass.swift in Sources */,
				DA59593225C5A3F90074CE85 /* Profile+CoreDataClass.swift in Sources */,
				DAE7D785254C1A2200CA2300 /* Dictionary+Extensions.swift in Sources */,
				DAB7DC86252232130087F9C8 /* YourGoal.xcdatamodeld in Sources */,
				DAC2CCED25CEA52800E363F5 /* MeasureUnit.swift in Sources */,
				DA9D02F22552AEE200DBFB2E /* WeekDay.swift in Sources */,
				DAF1A8BA255173F800EBEAA6 /* GoalType.swift in Sources */,
				DA06DF7825C8B49500BACD0C /* HabitTypeRow.swift in Sources */,
				DA084EE7257549BA00CAC158 /* ActiveSheet.swift in Sources */,
				DA938A2C2536FD9300446580 /* FireworksView.swift in Sources */,
				DAC0855525C4220300FE4DBC /* StatisticsSmallView.swift in Sources */,
				DA1707A22528889A0082FC82 /* TrackHoursSpentView.swift in Sources */,
				DA8A53AA25C46A5300D030A9 /* View+Extensions.swift in Sources */,
				DA084EDF25753DCE00CAC158 /* FamousQuote.swift in Sources */,
			);
			runOnlyForDeploymentPostprocessing = 0;
		};
		DAB7DC88252232140087F9C8 /* Sources */ = {
			isa = PBXSourcesBuildPhase;
			buildActionMask = 2147483647;
			files = (
				DAB7DC91252232140087F9C8 /* YourGoalTests.swift in Sources */,
			);
			runOnlyForDeploymentPostprocessing = 0;
		};
		DAB7DC93252232140087F9C8 /* Sources */ = {
			isa = PBXSourcesBuildPhase;
			buildActionMask = 2147483647;
			files = (
				DAB7DC9C252232140087F9C8 /* YourGoalUITests.swift in Sources */,
			);
			runOnlyForDeploymentPostprocessing = 0;
		};
/* End PBXSourcesBuildPhase section */

/* Begin PBXTargetDependency section */
		DAB7DC8E252232140087F9C8 /* PBXTargetDependency */ = {
			isa = PBXTargetDependency;
			target = DAB7DC75252232130087F9C8 /* YourGoal */;
			targetProxy = DAB7DC8D252232140087F9C8 /* PBXContainerItemProxy */;
		};
		DAB7DC99252232140087F9C8 /* PBXTargetDependency */ = {
			isa = PBXTargetDependency;
			target = DAB7DC75252232130087F9C8 /* YourGoal */;
			targetProxy = DAB7DC98252232140087F9C8 /* PBXContainerItemProxy */;
		};
/* End PBXTargetDependency section */

/* Begin PBXVariantGroup section */
		DA0861D325323DEB00C4A3DD /* Localizable.strings */ = {
			isa = PBXVariantGroup;
			children = (
				DA0861D225323DEB00C4A3DD /* en */,
				DA0861D725323DEF00C4A3DD /* it */,
				DA0861D825323DF000C4A3DD /* es */,
			);
			name = Localizable.strings;
			sourceTree = "<group>";
		};
/* End PBXVariantGroup section */

/* Begin XCBuildConfiguration section */
		DAB7DC9E252232140087F9C8 /* Debug */ = {
			isa = XCBuildConfiguration;
			buildSettings = {
				ALWAYS_SEARCH_USER_PATHS = NO;
				CLANG_ANALYZER_NONNULL = YES;
				CLANG_ANALYZER_NUMBER_OBJECT_CONVERSION = YES_AGGRESSIVE;
				CLANG_CXX_LANGUAGE_STANDARD = "gnu++14";
				CLANG_CXX_LIBRARY = "libc++";
				CLANG_ENABLE_MODULES = YES;
				CLANG_ENABLE_OBJC_ARC = YES;
				CLANG_ENABLE_OBJC_WEAK = YES;
				CLANG_WARN_BLOCK_CAPTURE_AUTORELEASING = YES;
				CLANG_WARN_BOOL_CONVERSION = YES;
				CLANG_WARN_COMMA = YES;
				CLANG_WARN_CONSTANT_CONVERSION = YES;
				CLANG_WARN_DEPRECATED_OBJC_IMPLEMENTATIONS = YES;
				CLANG_WARN_DIRECT_OBJC_ISA_USAGE = YES_ERROR;
				CLANG_WARN_DOCUMENTATION_COMMENTS = YES;
				CLANG_WARN_EMPTY_BODY = YES;
				CLANG_WARN_ENUM_CONVERSION = YES;
				CLANG_WARN_INFINITE_RECURSION = YES;
				CLANG_WARN_INT_CONVERSION = YES;
				CLANG_WARN_NON_LITERAL_NULL_CONVERSION = YES;
				CLANG_WARN_OBJC_IMPLICIT_RETAIN_SELF = YES;
				CLANG_WARN_OBJC_LITERAL_CONVERSION = YES;
				CLANG_WARN_OBJC_ROOT_CLASS = YES_ERROR;
				CLANG_WARN_QUOTED_INCLUDE_IN_FRAMEWORK_HEADER = YES;
				CLANG_WARN_RANGE_LOOP_ANALYSIS = YES;
				CLANG_WARN_STRICT_PROTOTYPES = YES;
				CLANG_WARN_SUSPICIOUS_MOVE = YES;
				CLANG_WARN_UNGUARDED_AVAILABILITY = YES_AGGRESSIVE;
				CLANG_WARN_UNREACHABLE_CODE = YES;
				CLANG_WARN__DUPLICATE_METHOD_MATCH = YES;
				COPY_PHASE_STRIP = NO;
				DEBUG_INFORMATION_FORMAT = dwarf;
				ENABLE_STRICT_OBJC_MSGSEND = YES;
				ENABLE_TESTABILITY = YES;
				GCC_C_LANGUAGE_STANDARD = gnu11;
				GCC_DYNAMIC_NO_PIC = NO;
				GCC_NO_COMMON_BLOCKS = YES;
				GCC_OPTIMIZATION_LEVEL = 0;
				GCC_PREPROCESSOR_DEFINITIONS = (
					"DEBUG=1",
					"$(inherited)",
				);
				GCC_WARN_64_TO_32_BIT_CONVERSION = YES;
				GCC_WARN_ABOUT_RETURN_TYPE = YES_ERROR;
				GCC_WARN_UNDECLARED_SELECTOR = YES;
				GCC_WARN_UNINITIALIZED_AUTOS = YES_AGGRESSIVE;
				GCC_WARN_UNUSED_FUNCTION = YES;
				GCC_WARN_UNUSED_VARIABLE = YES;
				IPHONEOS_DEPLOYMENT_TARGET = 14.0;
				MTL_ENABLE_DEBUG_INFO = INCLUDE_SOURCE;
				MTL_FAST_MATH = YES;
				ONLY_ACTIVE_ARCH = YES;
				SDKROOT = iphoneos;
				SWIFT_ACTIVE_COMPILATION_CONDITIONS = DEBUG;
				SWIFT_OPTIMIZATION_LEVEL = "-Onone";
			};
			name = Debug;
		};
		DAB7DC9F252232140087F9C8 /* Release */ = {
			isa = XCBuildConfiguration;
			buildSettings = {
				ALWAYS_SEARCH_USER_PATHS = NO;
				CLANG_ANALYZER_NONNULL = YES;
				CLANG_ANALYZER_NUMBER_OBJECT_CONVERSION = YES_AGGRESSIVE;
				CLANG_CXX_LANGUAGE_STANDARD = "gnu++14";
				CLANG_CXX_LIBRARY = "libc++";
				CLANG_ENABLE_MODULES = YES;
				CLANG_ENABLE_OBJC_ARC = YES;
				CLANG_ENABLE_OBJC_WEAK = YES;
				CLANG_WARN_BLOCK_CAPTURE_AUTORELEASING = YES;
				CLANG_WARN_BOOL_CONVERSION = YES;
				CLANG_WARN_COMMA = YES;
				CLANG_WARN_CONSTANT_CONVERSION = YES;
				CLANG_WARN_DEPRECATED_OBJC_IMPLEMENTATIONS = YES;
				CLANG_WARN_DIRECT_OBJC_ISA_USAGE = YES_ERROR;
				CLANG_WARN_DOCUMENTATION_COMMENTS = YES;
				CLANG_WARN_EMPTY_BODY = YES;
				CLANG_WARN_ENUM_CONVERSION = YES;
				CLANG_WARN_INFINITE_RECURSION = YES;
				CLANG_WARN_INT_CONVERSION = YES;
				CLANG_WARN_NON_LITERAL_NULL_CONVERSION = YES;
				CLANG_WARN_OBJC_IMPLICIT_RETAIN_SELF = YES;
				CLANG_WARN_OBJC_LITERAL_CONVERSION = YES;
				CLANG_WARN_OBJC_ROOT_CLASS = YES_ERROR;
				CLANG_WARN_QUOTED_INCLUDE_IN_FRAMEWORK_HEADER = YES;
				CLANG_WARN_RANGE_LOOP_ANALYSIS = YES;
				CLANG_WARN_STRICT_PROTOTYPES = YES;
				CLANG_WARN_SUSPICIOUS_MOVE = YES;
				CLANG_WARN_UNGUARDED_AVAILABILITY = YES_AGGRESSIVE;
				CLANG_WARN_UNREACHABLE_CODE = YES;
				CLANG_WARN__DUPLICATE_METHOD_MATCH = YES;
				COPY_PHASE_STRIP = NO;
				DEBUG_INFORMATION_FORMAT = "dwarf-with-dsym";
				ENABLE_NS_ASSERTIONS = NO;
				ENABLE_STRICT_OBJC_MSGSEND = YES;
				GCC_C_LANGUAGE_STANDARD = gnu11;
				GCC_NO_COMMON_BLOCKS = YES;
				GCC_WARN_64_TO_32_BIT_CONVERSION = YES;
				GCC_WARN_ABOUT_RETURN_TYPE = YES_ERROR;
				GCC_WARN_UNDECLARED_SELECTOR = YES;
				GCC_WARN_UNINITIALIZED_AUTOS = YES_AGGRESSIVE;
				GCC_WARN_UNUSED_FUNCTION = YES;
				GCC_WARN_UNUSED_VARIABLE = YES;
				IPHONEOS_DEPLOYMENT_TARGET = 14.0;
				MTL_ENABLE_DEBUG_INFO = NO;
				MTL_FAST_MATH = YES;
				SDKROOT = iphoneos;
				SWIFT_COMPILATION_MODE = wholemodule;
				SWIFT_OPTIMIZATION_LEVEL = "-O";
				VALIDATE_PRODUCT = YES;
			};
			name = Release;
		};
		DAB7DCA1252232140087F9C8 /* Debug */ = {
			isa = XCBuildConfiguration;
			baseConfigurationReference = ECE80D526B591ED8FAE53F3C /* Pods-YourGoal.debug.xcconfig */;
			buildSettings = {
				ASSETCATALOG_COMPILER_APPICON_NAME = AppIcon;
				ASSETCATALOG_COMPILER_GLOBAL_ACCENT_COLOR_NAME = AccentColor;
				CODE_SIGN_STYLE = Automatic;
				CURRENT_PROJECT_VERSION = 1.0.0;
				DEVELOPMENT_ASSET_PATHS = "\"YourGoal/Preview Content\"";
				DEVELOPMENT_TEAM = ZWDDZD6GHF;
				DISPLAY_NAME = "Test Build";
				ENABLE_PREVIEWS = YES;
				INFOPLIST_FILE = YourGoal/Info.plist;
				IPHONEOS_DEPLOYMENT_TARGET = 14.0;
				LD_RUNPATH_SEARCH_PATHS = (
					"$(inherited)",
					"@executable_path/Frameworks",
				);
				MARKETING_VERSION = 2.0.0;
				PRODUCT_BUNDLE_IDENTIFIER = com.yuricavallin.testyourgoal;
				PRODUCT_NAME = "$(TARGET_NAME)";
				SWIFT_VERSION = 5.0;
				TARGETED_DEVICE_FAMILY = 1;
			};
			name = Debug;
		};
		DAB7DCA2252232140087F9C8 /* Release */ = {
			isa = XCBuildConfiguration;
			baseConfigurationReference = E11DA627FA8B9B831F4EE348 /* Pods-YourGoal.release.xcconfig */;
			buildSettings = {
				ASSETCATALOG_COMPILER_APPICON_NAME = AppIcon;
				ASSETCATALOG_COMPILER_GLOBAL_ACCENT_COLOR_NAME = AccentColor;
				CODE_SIGN_STYLE = Automatic;
				CURRENT_PROJECT_VERSION = 1.0.0;
				DEVELOPMENT_ASSET_PATHS = "\"YourGoal/Preview Content\"";
				DEVELOPMENT_TEAM = ZWDDZD6GHF;
				DISPLAY_NAME = TimeToGoal;
				ENABLE_PREVIEWS = YES;
				INFOPLIST_FILE = YourGoal/Info.plist;
				IPHONEOS_DEPLOYMENT_TARGET = 14.0;
				LD_RUNPATH_SEARCH_PATHS = (
					"$(inherited)",
					"@executable_path/Frameworks",
				);
				MARKETING_VERSION = 2.0.0;
				PRODUCT_BUNDLE_IDENTIFIER = com.yuricavallin.yourgoal;
				PRODUCT_NAME = "$(TARGET_NAME)";
				SWIFT_ACTIVE_COMPILATION_CONDITIONS = RELEASE;
				SWIFT_VERSION = 5.0;
				TARGETED_DEVICE_FAMILY = 1;
			};
			name = Release;
		};
		DAB7DCA4252232140087F9C8 /* Debug */ = {
			isa = XCBuildConfiguration;
			buildSettings = {
				ALWAYS_EMBED_SWIFT_STANDARD_LIBRARIES = YES;
				BUNDLE_LOADER = "$(TEST_HOST)";
				CODE_SIGN_STYLE = Automatic;
				DEVELOPMENT_TEAM = ZWDDZD6GHF;
				INFOPLIST_FILE = YourGoalTests/Info.plist;
				IPHONEOS_DEPLOYMENT_TARGET = 14.0;
				LD_RUNPATH_SEARCH_PATHS = (
					"$(inherited)",
					"@executable_path/Frameworks",
					"@loader_path/Frameworks",
				);
				PRODUCT_BUNDLE_IDENTIFIER = es.yuricavallin.YourGoalTests;
				PRODUCT_NAME = "$(TARGET_NAME)";
				SWIFT_VERSION = 5.0;
				TARGETED_DEVICE_FAMILY = "1,2";
				TEST_HOST = "$(BUILT_PRODUCTS_DIR)/YourGoal.app/YourGoal";
			};
			name = Debug;
		};
		DAB7DCA5252232140087F9C8 /* Release */ = {
			isa = XCBuildConfiguration;
			buildSettings = {
				ALWAYS_EMBED_SWIFT_STANDARD_LIBRARIES = YES;
				BUNDLE_LOADER = "$(TEST_HOST)";
				CODE_SIGN_STYLE = Automatic;
				DEVELOPMENT_TEAM = ZWDDZD6GHF;
				INFOPLIST_FILE = YourGoalTests/Info.plist;
				IPHONEOS_DEPLOYMENT_TARGET = 14.0;
				LD_RUNPATH_SEARCH_PATHS = (
					"$(inherited)",
					"@executable_path/Frameworks",
					"@loader_path/Frameworks",
				);
				PRODUCT_BUNDLE_IDENTIFIER = es.yuricavallin.YourGoalTests;
				PRODUCT_NAME = "$(TARGET_NAME)";
				SWIFT_VERSION = 5.0;
				TARGETED_DEVICE_FAMILY = "1,2";
				TEST_HOST = "$(BUILT_PRODUCTS_DIR)/YourGoal.app/YourGoal";
			};
			name = Release;
		};
		DAB7DCA7252232140087F9C8 /* Debug */ = {
			isa = XCBuildConfiguration;
			buildSettings = {
				ALWAYS_EMBED_SWIFT_STANDARD_LIBRARIES = YES;
				CODE_SIGN_STYLE = Automatic;
				DEVELOPMENT_TEAM = ZWDDZD6GHF;
				INFOPLIST_FILE = YourGoalUITests/Info.plist;
				LD_RUNPATH_SEARCH_PATHS = (
					"$(inherited)",
					"@executable_path/Frameworks",
					"@loader_path/Frameworks",
				);
				PRODUCT_BUNDLE_IDENTIFIER = es.yuricavallin.YourGoalUITests;
				PRODUCT_NAME = "$(TARGET_NAME)";
				SWIFT_VERSION = 5.0;
				TARGETED_DEVICE_FAMILY = "1,2";
				TEST_TARGET_NAME = YourGoal;
			};
			name = Debug;
		};
		DAB7DCA8252232140087F9C8 /* Release */ = {
			isa = XCBuildConfiguration;
			buildSettings = {
				ALWAYS_EMBED_SWIFT_STANDARD_LIBRARIES = YES;
				CODE_SIGN_STYLE = Automatic;
				DEVELOPMENT_TEAM = ZWDDZD6GHF;
				INFOPLIST_FILE = YourGoalUITests/Info.plist;
				LD_RUNPATH_SEARCH_PATHS = (
					"$(inherited)",
					"@executable_path/Frameworks",
					"@loader_path/Frameworks",
				);
				PRODUCT_BUNDLE_IDENTIFIER = es.yuricavallin.YourGoalUITests;
				PRODUCT_NAME = "$(TARGET_NAME)";
				SWIFT_VERSION = 5.0;
				TARGETED_DEVICE_FAMILY = "1,2";
				TEST_TARGET_NAME = YourGoal;
			};
			name = Release;
		};
/* End XCBuildConfiguration section */

/* Begin XCConfigurationList section */
		DAB7DC71252232130087F9C8 /* Build configuration list for PBXProject "YourGoal" */ = {
			isa = XCConfigurationList;
			buildConfigurations = (
				DAB7DC9E252232140087F9C8 /* Debug */,
				DAB7DC9F252232140087F9C8 /* Release */,
			);
			defaultConfigurationIsVisible = 0;
			defaultConfigurationName = Release;
		};
		DAB7DCA0252232140087F9C8 /* Build configuration list for PBXNativeTarget "YourGoal" */ = {
			isa = XCConfigurationList;
			buildConfigurations = (
				DAB7DCA1252232140087F9C8 /* Debug */,
				DAB7DCA2252232140087F9C8 /* Release */,
			);
			defaultConfigurationIsVisible = 0;
			defaultConfigurationName = Release;
		};
		DAB7DCA3252232140087F9C8 /* Build configuration list for PBXNativeTarget "YourGoalTests" */ = {
			isa = XCConfigurationList;
			buildConfigurations = (
				DAB7DCA4252232140087F9C8 /* Debug */,
				DAB7DCA5252232140087F9C8 /* Release */,
			);
			defaultConfigurationIsVisible = 0;
			defaultConfigurationName = Release;
		};
		DAB7DCA6252232140087F9C8 /* Build configuration list for PBXNativeTarget "YourGoalUITests" */ = {
			isa = XCConfigurationList;
			buildConfigurations = (
				DAB7DCA7252232140087F9C8 /* Debug */,
				DAB7DCA8252232140087F9C8 /* Release */,
			);
			defaultConfigurationIsVisible = 0;
			defaultConfigurationName = Release;
		};
/* End XCConfigurationList section */

/* Begin XCVersionGroup section */
		DAB7DC84252232130087F9C8 /* YourGoal.xcdatamodeld */ = {
			isa = XCVersionGroup;
			children = (
				DAB7DC85252232130087F9C8 /* YourGoal.xcdatamodel */,
			);
			currentVersion = DAB7DC85252232130087F9C8 /* YourGoal.xcdatamodel */;
			path = YourGoal.xcdatamodeld;
			sourceTree = "<group>";
			versionGroupType = wrapper.xcdatamodel;
		};
/* End XCVersionGroup section */
	};
	rootObject = DAB7DC6E252232130087F9C8 /* Project object */;
}
